{
  "originHash" : "f0fe200b778ab9d3c816fff97ec604dce61db1f6baca851fa33a7eae4f01ac88",
  "pins" : [
    {
      "identity" : "ikigai",
      "kind" : "remoteSourceControl",
      "location" : "https://github.com/45BitStudios/Ikigai.git",
      "state" : {
        "branch" : "main",
        "revision" : "098cedd132cbf5511339ea267b99e251f1ccb335"
      }
    },
    {
      "identity" : "swift-syntax",
      "kind" : "remoteSourceControl",
      "location" : "https://github.com/swiftlang/swift-syntax.git",
      "state" : {
        "revision" : "0687f71944021d616d34d922343dcef086855920",
        "version" : "600.0.1"
      }
    }
  ],
  "version" : 3
}
